github.com/samirkhoja/agent-sdk v0.0.0-20260309001958-55190044f3e9 h1:Q6PUN1/kJq2CAh6wlYj+EqFZA3wjxYPYkgc4he4OfHM=
github.com/samirkhoja/agent-sdk v0.0.0-20260309001958-55190044f3e9/go.mod h1:BP/u0/cw9PhGzQcDhlm92A5IZH6rd/FFl/PXx+191GU=
github.com/samirkhoja/agent-sdk v0.0.0-20260322155433-008f6d042052 h1:aTpKAwSSE+XcDdlDJsUTRgSFvue/tDzPcLqUmtvRyN8=
github.com/samirkhoja/agent-sdk v0.0.0-20260322155433-008f6d042052/go.mod h1:BP/u0/cw9PhGzQcDhlm92A5IZH6rd/FFl/PXx+191GU=
